
Microsoft Visual Studio Solution File, Format Version 12.00
Project("{FAE04EC0-301F-11D3-BF4B-00C04F79EFBC}") = "WaterGunBeetles", "WaterGunBeetles\WaterGunBeetles.csproj", "{36B0AAE9-4B6D-4036-B041-A43633AB6199}"
EndProject
Project("{FAE04EC0-301F-11D3-BF4B-00C04F79EFBC}") = "Tests", "Tests\Tests.csproj", "{8BE1ECA5-125D-4272-9057-77C05FDABC88}"
EndProject
Project("{2150E333-8FDC-42A3-9474-1A3956D46DE8}") = "src", "src", "{7BB48AEE-746B-40A3-9DC5-C6EDC41487EC}"
EndProject
Project("{2150E333-8FDC-42A3-9474-1A3956D46DE8}") = "tests", "tests", "{56214515-4C4B-4D49-B2C6-A04FA0322AD4}"
EndProject
Project("{FAE04EC0-301F-11D3-BF4B-00C04F79EFBC}") = "WaterGunBeetles.Cli", "WaterGunBeetles.Cli\WaterGunBeetles.Cli.csproj", "{7B5C1ED8-FF4E-49C4-8155-F6D72A6679BA}"
EndProject
Project("{2150E333-8FDC-42A3-9474-1A3956D46DE8}") = ".meta", ".meta", "{13FF60E3-A216-4159-BF88-9CD5E4696DD2}"
ProjectSection(SolutionItems) = preProject
	..\appveyor.yml = ..\appveyor.yml
	..\README.md = ..\README.md
	..\LICENSE = ..\LICENSE
	..\CHANGELOG.md = ..\CHANGELOG.md
EndProjectSection
EndProject
Project("{2150E333-8FDC-42A3-9474-1A3956D46DE8}") = "demos", "demos", "{85D59BA3-00D2-40FF-8EFF-2E276F76F2B1}"
EndProject
Project("{FAE04EC0-301F-11D3-BF4B-00C04F79EFBC}") = "WaterGunBeetles.Demos.Null", "WaterGunBeetles.Demos.Null\WaterGunBeetles.Demos.Null.csproj", "{EAE51F81-AA52-4AAD-9082-BDFEC00C9AFA}"
EndProject
Global
	GlobalSection(SolutionConfigurationPlatforms) = preSolution
		Debug|Any CPU = Debug|Any CPU
		Release|Any CPU = Release|Any CPU
	EndGlobalSection
	GlobalSection(ProjectConfigurationPlatforms) = postSolution
		{36B0AAE9-4B6D-4036-B041-A43633AB6199}.Debug|Any CPU.ActiveCfg = Debug|Any CPU
		{36B0AAE9-4B6D-4036-B041-A43633AB6199}.Debug|Any CPU.Build.0 = Debug|Any CPU
		{36B0AAE9-4B6D-4036-B041-A43633AB6199}.Release|Any CPU.ActiveCfg = Release|Any CPU
		{36B0AAE9-4B6D-4036-B041-A43633AB6199}.Release|Any CPU.Build.0 = Release|Any CPU
		{8BE1ECA5-125D-4272-9057-77C05FDABC88}.Debug|Any CPU.ActiveCfg = Debug|Any CPU
		{8BE1ECA5-125D-4272-9057-77C05FDABC88}.Debug|Any CPU.Build.0 = Debug|Any CPU
		{8BE1ECA5-125D-4272-9057-77C05FDABC88}.Release|Any CPU.ActiveCfg = Release|Any CPU
		{8BE1ECA5-125D-4272-9057-77C05FDABC88}.Release|Any CPU.Build.0 = Release|Any CPU
		{7B5C1ED8-FF4E-49C4-8155-F6D72A6679BA}.Debug|Any CPU.ActiveCfg = Debug|Any CPU
		{7B5C1ED8-FF4E-49C4-8155-F6D72A6679BA}.Debug|Any CPU.Build.0 = Debug|Any CPU
		{7B5C1ED8-FF4E-49C4-8155-F6D72A6679BA}.Release|Any CPU.ActiveCfg = Release|Any CPU
		{7B5C1ED8-FF4E-49C4-8155-F6D72A6679BA}.Release|Any CPU.Build.0 = Release|Any CPU
		{EAE51F81-AA52-4AAD-9082-BDFEC00C9AFA}.Debug|Any CPU.ActiveCfg = Debug|Any CPU
		{EAE51F81-AA52-4AAD-9082-BDFEC00C9AFA}.Debug|Any CPU.Build.0 = Debug|Any CPU
		{EAE51F81-AA52-4AAD-9082-BDFEC00C9AFA}.Release|Any CPU.ActiveCfg = Release|Any CPU
		{EAE51F81-AA52-4AAD-9082-BDFEC00C9AFA}.Release|Any CPU.Build.0 = Release|Any CPU
	EndGlobalSection
	GlobalSection(NestedProjects) = preSolution
		{36B0AAE9-4B6D-4036-B041-A43633AB6199} = {7BB48AEE-746B-40A3-9DC5-C6EDC41487EC}
		{8BE1ECA5-125D-4272-9057-77C05FDABC88} = {56214515-4C4B-4D49-B2C6-A04FA0322AD4}
		{7B5C1ED8-FF4E-49C4-8155-F6D72A6679BA} = {7BB48AEE-746B-40A3-9DC5-C6EDC41487EC}
		{EAE51F81-AA52-4AAD-9082-BDFEC00C9AFA} = {85D59BA3-00D2-40FF-8EFF-2E276F76F2B1}
	EndGlobalSection
EndGlobal
